// !$*UTF8*$!
{
	archiveVersion = 1;
	classes = {
	};
	objectVersion = 46;
	objects = {

/* Begin PBXBuildFile section */
		CA49A9261AA905F600EFC12D /* PlaySoundViewController.swift in Sources */ = {isa = PBXBuildFile; fileRef = CA49A9251AA905F600EFC12D /* PlaySoundViewController.swift */; };
		CA49A9281AA9163900EFC12D /* movie_quote.mp3 in Resources */ = {isa = PBXBuildFile; fileRef = CA49A9271AA9163900EFC12D /* movie_quote.mp3 */; };
		CA49A92A1AAA20E100EFC12D /* RecordedAudio.swift in Sources */ = {isa = PBXBuildFile; fileRef = CA49A9291AAA20E100EFC12D /* RecordedAudio.swift */; };
		CA6F6D611AA7B6BE008B9225 /* AppDelegate.swift in Sources */ = {isa = PBXBuildFile; fileRef = CA6F6D601AA7B6BE008B9225 /* AppDelegate.swift */; };
		CA6F6D631AA7B6BE008B9225 /* RecordSoundsViewController.swift in Sources */ = {isa = PBXBuildFile; fileRef = CA6F6D621AA7B6BE008B9225 /* RecordSoundsViewController.swift */; };
		CA6F6D661AA7B6BE008B9225 /* Main.storyboard in Resources */ = {isa = PBXBuildFile; fileRef = CA6F6D641AA7B6BE008B9225 /* Main.storyboard */; };
		CA6F6D681AA7B6BE008B9225 /* Images.xcassets in Resources */ = {isa = PBXBuildFile; fileRef = CA6F6D671AA7B6BE008B9225 /* Images.xcassets */; };
		CA6F6D6B1AA7B6BE008B9225 /* LaunchScreen.xib in Resources */ = {isa = PBXBuildFile; fileRef = CA6F6D691AA7B6BE008B9225 /* LaunchScreen.xib */; };
		CA6F6D771AA7B6BE008B9225 /* P_PerfectTests.swift in Sources */ = {isa = PBXBuildFile; fileRef = CA6F6D761AA7B6BE008B9225 /* P_PerfectTests.swift */; };
/* End PBXBuildFile section */

/* Begin PBXContainerItemProxy section */
		CA6F6D711AA7B6BE008B9225 /* PBXContainerItemProxy */ = {
			isa = PBXContainerItemProxy;
			containerPortal = CA6F6D531AA7B6BE008B9225 /* Project object */;
			proxyType = 1;
			remoteGlobalIDString = CA6F6D5A1AA7B6BE008B9225;
			remoteInfo = "P Perfect";
		};
/* End PBXContainerItemProxy section */

/* Begin PBXFileReference section */
		CA49A9251AA905F600EFC12D /* PlaySoundViewController.swift */ = {isa = PBXFileReference; fileEncoding = 4; lastKnownFileType = sourcecode.swift; path = PlaySoundViewController.swift; sourceTree = "<group>"; };
		CA49A9271AA9163900EFC12D /* movie_quote.mp3 */ = {isa = PBXFileReference; lastKnownFileType = audio.mp3; path = movie_quote.mp3; sourceTree = "<group>"; };
		CA49A9291AAA20E100EFC12D /* RecordedAudio.swift */ = {isa = PBXFileReference; fileEncoding = 4; lastKnownFileType = sourcecode.swift; path = RecordedAudio.swift; sourceTree = "<group>"; };
		CA6F6D5B1AA7B6BE008B9225 /* P Perfect.app */ = {isa = PBXFileReference; explicitFileType = wrapper.application; includeInIndex = 0; path = "P Perfect.app"; sourceTree = BUILT_PRODUCTS_DIR; };
		CA6F6D5F1AA7B6BE008B9225 /* Info.plist */ = {isa = PBXFileReference; lastKnownFileType = text.plist.xml; path = Info.plist; sourceTree = "<group>"; };
		CA6F6D601AA7B6BE008B9225 /* AppDelegate.swift */ = {isa = PBXFileReference; lastKnownFileType = sourcecode.swift; path = AppDelegate.swift; sourceTree = "<group>"; };
		CA6F6D621AA7B6BE008B9225 /* RecordSoundsViewController.swift */ = {isa = PBXFileReference; lastKnownFileType = sourcecode.swift; path = RecordSoundsViewController.swift; sourceTree = "<group>"; };
		CA6F6D651AA7B6BE008B9225 /* Base */ = {isa = PBXFileReference; lastKnownFileType = file.storyboard; name = Base; path = Base.lproj/Main.storyboard; sourceTree = "<group>"; };
		CA6F6D671AA7B6BE008B9225 /* Images.xcassets */ = {isa = PBXFileReference; lastKnownFileType = folder.assetcatalog; path = Images.xcassets; sourceTree = "<group>"; };
		CA6F6D6A1AA7B6BE008B9225 /* Base */ = {isa = PBXFileReference; lastKnownFileType = file.xib; name = Base; path = Base.lproj/LaunchScreen.xib; sourceTree = "<group>"; };
		CA6F6D701AA7B6BE008B9225 /* P PerfectTests.xctest */ = {isa = PBXFileReference; explicitFileType = wrapper.cfbundle; includeInIndex = 0; path = "P PerfectTests.xctest"; sourceTree = BUILT_PRODUCTS_DIR; };
		CA6F6D751AA7B6BE008B9225 /* Info.plist */ = {isa = PBXFileReference; lastKnownFileType = text.plist.xml; path = Info.plist; sourceTree = "<group>"; };
		CA6F6D761AA7B6BE008B9225 /* P_PerfectTests.swift */ = {isa = PBXFileReference; lastKnownFileType = sourcecode.swift; path = P_PerfectTests.swift; sourceTree = "<group>"; };
/* End PBXFileReference section */

/* Begin PBXFrameworksBuildPhase section */
		CA6F6D581AA7B6BE008B9225 /* Frameworks */ = {
			isa = PBXFrameworksBuildPhase;
			buildActionMask = 2147483647;
			files = (
			);
			runOnlyForDeploymentPostprocessing = 0;
		};
		CA6F6D6D1AA7B6BE008B9225 /* Frameworks */ = {
			isa = PBXFrameworksBuildPhase;
			buildActionMask = 2147483647;
			files = (
			);
			runOnlyForDeploymentPostprocessing = 0;
		};
/* End PBXFrameworksBuildPhase section */

/* Begin PBXGroup section */
		CA6F6D521AA7B6BE008B9225 = {
			isa = PBXGroup;
			children = (
				CA6F6D5D1AA7B6BE008B9225 /* P Perfect */,
				CA6F6D731AA7B6BE008B9225 /* P PerfectTests */,
				CA6F6D5C1AA7B6BE008B9225 /* Products */,
			);
			sourceTree = "<group>";
		};
		CA6F6D5C1AA7B6BE008B9225 /* Products */ = {
			isa = PBXGroup;
			children = (
				CA6F6D5B1AA7B6BE008B9225 /* P Perfect.app */,
				CA6F6D701AA7B6BE008B9225 /* P PerfectTests.xctest */,
			);
			name = Products;
			sourceTree = "<group>";
		};
		CA6F6D5D1AA7B6BE008B9225 /* P Perfect */ = {
			isa = PBXGroup;
			children = (
				CA6F6D601AA7B6BE008B9225 /* AppDelegate.swift */,
				CA6F6D621AA7B6BE008B9225 /* RecordSoundsViewController.swift */,
				CA49A9291AAA20E100EFC12D /* RecordedAudio.swift */,
				CA49A9251AA905F600EFC12D /* PlaySoundViewController.swift */,
				CA6F6D641AA7B6BE008B9225 /* Main.storyboard */,
				CA6F6D671AA7B6BE008B9225 /* Images.xcassets */,
				CA6F6D691AA7B6BE008B9225 /* LaunchScreen.xib */,
				CA6F6D5E1AA7B6BE008B9225 /* Supporting Files */,
			);
			path = "P Perfect";
			sourceTree = "<group>";
		};
		CA6F6D5E1AA7B6BE008B9225 /* Supporting Files */ = {
			isa = PBXGroup;
			children = (
				CA49A9271AA9163900EFC12D /* movie_quote.mp3 */,
				CA6F6D5F1AA7B6BE008B9225 /* Info.plist */,
			);
			name = "Supporting Files";
			sourceTree = "<group>";
		};
		CA6F6D731AA7B6BE008B9225 /* P PerfectTests */ = {
			isa = PBXGroup;
			children = (
				CA6F6D761AA7B6BE008B9225 /* P_PerfectTests.swift */,
				CA6F6D741AA7B6BE008B9225 /* Supporting Files */,
			);
			path = "P PerfectTests";
			sourceTree = "<group>";
		};
		CA6F6D741AA7B6BE008B9225 /* Supporting Files */ = {
			isa = PBXGroup;
			children = (
				CA6F6D751AA7B6BE008B9225 /* Info.plist */,
			);
			name = "Supporting Files";
			sourceTree = "<group>";
		};
/* End PBXGroup section */

/* Begin PBXNativeTarget section */
		CA6F6D5A1AA7B6BE008B9225 /* P Perfect */ = {
			isa = PBXNativeTarget;
			buildConfigurationList = CA6F6D7A1AA7B6BE008B9225 /* Build configuration list for PBXNativeTarget "P Perfect" */;
			buildPhases = (
				CA6F6D571AA7B6BE008B9225 /* Sources */,
				CA6F6D581AA7B6BE008B9225 /* Frameworks */,
				CA6F6D591AA7B6BE008B9225 /* Resources */,
			);
			buildRules = (
			);
			dependencies = (
			);
			name = "P Perfect";
			productName = "P Perfect";
			productReference = CA6F6D5B1AA7B6BE008B9225 /* P Perfect.app */;
			productType = "com.apple.product-type.application";
		};
		CA6F6D6F1AA7B6BE008B9225 /* P PerfectTests */ = {
			isa = PBXNativeTarget;
			buildConfigurationList = CA6F6D7D1AA7B6BE008B9225 /* Build configuration list for PBXNativeTarget "P PerfectTests" */;
			buildPhases = (
				CA6F6D6C1AA7B6BE008B9225 /* Sources */,
				CA6F6D6D1AA7B6BE008B9225 /* Frameworks */,
				CA6F6D6E1AA7B6BE008B9225 /* Resources */,
			);
			buildRules = (
			);
			dependencies = (
				CA6F6D721AA7B6BE008B9225 /* PBXTargetDependency */,
			);
			name = "P PerfectTests";
			productName = "P PerfectTests";
			productReference = CA6F6D701AA7B6BE008B9225 /* P PerfectTests.xctest */;
			productType = "com.apple.product-type.bundle.unit-test";
		};
/* End PBXNativeTarget section */

/* Begin PBXProject section */
		CA6F6D531AA7B6BE008B9225 /* Project object */ = {
			isa = PBXProject;
			attributes = {
				LastUpgradeCheck = 0610;
				ORGANIZATIONNAME = "josue rodriguez";
				TargetAttributes = {
					CA6F6D5A1AA7B6BE008B9225 = {
						CreatedOnToolsVersion = 6.1.1;
					};
					CA6F6D6F1AA7B6BE008B9225 = {
						CreatedOnToolsVersion = 6.1.1;
						TestTargetID = CA6F6D5A1AA7B6BE008B9225;
					};
				};
			};
			buildConfigurationList = CA6F6D561AA7B6BE008B9225 /* Build configuration list for PBXProject "P Perfect" */;
			compatibilityVersion = "Xcode 3.2";
			developmentRegion = English;
			hasScannedForEncodings = 0;
			knownRegions = (
				en,
				Base,
			);
			mainGroup = CA6F6D521AA7B6BE008B9225;
			productRefGroup = CA6F6D5C1AA7B6BE008B9225 /* Products */;
			projectDirPath = "";
			projectRoot = "";
			targets = (
				CA6F6D5A1AA7B6BE008B9225 /* P Perfect */,
				CA6F6D6F1AA7B6BE008B9225 /* P PerfectTests */,
			);
		};
/* End PBXProject section */

/* Begin PBXResourcesBuildPhase section */
		CA6F6D591AA7B6BE008B9225 /* Resources */ = {
			isa = PBXResourcesBuildPhase;
			buildActionMask = 2147483647;
			files = (
				CA6F6D661AA7B6BE008B9225 /* Main.storyboard in Resources */,
				CA6F6D6B1AA7B6BE008B9225 /* LaunchScreen.xib in Resources */,
				CA49A9281AA9163900EFC12D /* movie_quote.mp3 in Resources */,
				CA6F6D681AA7B6BE008B9225 /* Images.xcassets in Resources */,
			);
			runOnlyForDeploymentPostprocessing = 0;
		};
		CA6F6D6E1AA7B6BE008B9225 /* Resources */ = {
			isa = PBXResourcesBuildPhase;
			buildActionMask = 2147483647;
			files = (
			);
			runOnlyForDeploymentPostprocessing = 0;
		};
/* End PBXResourcesBuildPhase section */

/* Begin PBXSourcesBuildPhase section */
		CA6F6D571AA7B6BE008B9225 /* Sources */ = {
			isa = PBXSourcesBuildPhase;
			buildActionMask = 2147483647;
			files = (
				CA49A92A1AAA20E100EFC12D /* RecordedAudio.swift in Sources */,
				CA6F6D631AA7B6BE008B9225 /* RecordSoundsViewController.swift in Sources */,
				CA49A9261AA905F600EFC12D /* PlaySoundViewController.swift in Sources */,
				CA6F6D611AA7B6BE008B9225 /* AppDelegate.swift in Sources */,
			);
			runOnlyForDeploymentPostprocessing = 0;
		};
		CA6F6D6C1AA7B6BE008B9225 /* Sources */ = {
			isa = PBXSourcesBuildPhase;
			buildActionMask = 2147483647;
			files = (
				CA6F6D771AA7B6BE008B9225 /* P_PerfectTests.swift in Sources */,
			);
			runOnlyForDeploymentPostprocessing = 0;
		};
/* End PBXSourcesBuildPhase section */

/* Begin PBXTargetDependency section */
		CA6F6D721AA7B6BE008B9225 /* PBXTargetDependency */ = {
			isa = PBXTargetDependency;
			target = CA6F6D5A1AA7B6BE008B9225 /* P Perfect */;
			targetProxy = CA6F6D711AA7B6BE008B9225 /* PBXContainerItemProxy */;
		};
/* End PBXTargetDependency section */

/* Begin PBXVariantGroup section */
		CA6F6D641AA7B6BE008B9225 /* Main.storyboard */ = {
			isa = PBXVariantGroup;
			children = (
				CA6F6D651AA7B6BE008B9225 /* Base */,
			);
			name = Main.storyboard;
			sourceTree = "<group>";
		};
		CA6F6D691AA7B6BE008B9225 /* LaunchScreen.xib */ = {
			isa = PBXVariantGroup;
			children = (
				CA6F6D6A1AA7B6BE008B9225 /* Base */,
			);
			name = LaunchScreen.xib;
			sourceTree = "<group>";
		};
/* End PBXVariantGroup section */

/* Begin XCBuildConfiguration section */
		CA6F6D781AA7B6BE008B9225 /* Debug */ = {
			isa = XCBuildConfiguration;
			buildSettings = {
				ALWAYS_SEARCH_USER_PATHS = NO;
				CLANG_CXX_LANGUAGE_STANDARD = "gnu++0x";
				CLANG_CXX_LIBRARY = "libc++";
				CLANG_ENABLE_MODULES = YES;
				CLANG_ENABLE_OBJC_ARC = YES;
				CLANG_WARN_BOOL_CONVERSION = YES;
				CLANG_WARN_CONSTANT_CONVERSION = YES;
				CLANG_WARN_DIRECT_OBJC_ISA_USAGE = YES_ERROR;
				CLANG_WARN_EMPTY_BODY = YES;
				CLANG_WARN_ENUM_CONVERSION = YES;
				CLANG_WARN_INT_CONVERSION = YES;
				CLANG_WARN_OBJC_ROOT_CLASS = YES_ERROR;
				CLANG_WARN_UNREACHABLE_CODE = YES;
				CLANG_WARN__DUPLICATE_METHOD_MATCH = YES;
				"CODE_SIGN_IDENTITY[sdk=iphoneos*]" = "iPhone Developer";
				COPY_PHASE_STRIP = NO;
				ENABLE_STRICT_OBJC_MSGSEND = YES;
				GCC_C_LANGUAGE_STANDARD = gnu99;
				GCC_DYNAMIC_NO_PIC = NO;
				GCC_OPTIMIZATION_LEVEL = 0;
				GCC_PREPROCESSOR_DEFINITIONS = (
					"DEBUG=1",
					"$(inherited)",
				);
				GCC_SYMBOLS_PRIVATE_EXTERN = NO;
				GCC_WARN_64_TO_32_BIT_CONVERSION = YES;
				GCC_WARN_ABOUT_RETURN_TYPE = YES_ERROR;
				GCC_WARN_UNDECLARED_SELECTOR = YES;
				GCC_WARN_UNINITIALIZED_AUTOS = YES_AGGRESSIVE;
				GCC_WARN_UNUSED_FUNCTION = YES;
				GCC_WARN_UNUSED_VARIABLE = YES;
				IPHONEOS_DEPLOYMENT_TARGET = 8.1;
				MTL_ENABLE_DEBUG_INFO = YES;
				ONLY_ACTIVE_ARCH = YES;
				SDKROOT = iphoneos;
				SWIFT_OPTIMIZATION_LEVEL = "-Onone";
			};
			name = Debug;
		};
		CA6F6D791AA7B6BE008B9225 /* Release */ = {
			isa = XCBuildConfiguration;
			buildSettings = {
				ALWAYS_SEARCH_USER_PATHS = NO;
				CLANG_CXX_LANGUAGE_STANDARD = "gnu++0x";
				CLANG_CXX_LIBRARY = "libc++";
				CLANG_ENABLE_MODULES = YES;
				CLANG_ENABLE_OBJC_ARC = YES;
				CLANG_WARN_BOOL_CONVERSION = YES;
				CLANG_WARN_CONSTANT_CONVERSION = YES;
				CLANG_WARN_DIRECT_OBJC_ISA_USAGE = YES_ERROR;
				CLANG_WARN_EMPTY_BODY = YES;
				CLANG_WARN_ENUM_CONVERSION = YES;
				CLANG_WARN_INT_CONVERSION = YES;
				CLANG_WARN_OBJC_ROOT_CLASS = YES_ERROR;
				CLANG_WARN_UNREACHABLE_CODE = YES;
				CLANG_WARN__DUPLICATE_METHOD_MATCH = YES;
				"CODE_SIGN_IDENTITY[sdk=iphoneos*]" = "iPhone Developer";
				COPY_PHASE_STRIP = YES;
				ENABLE_NS_ASSERTIONS = NO;
				ENABLE_STRICT_OBJC_MSGSEND = YES;
				GCC_C_LANGUAGE_STANDARD = gnu99;
				GCC_WARN_64_TO_32_BIT_CONVERSION = YES;
				GCC_WARN_ABOUT_RETURN_TYPE = YES_ERROR;
				GCC_WARN_UNDECLARED_SELECTOR = YES;
				GCC_WARN_UNINITIALIZED_AUTOS = YES_AGGRESSIVE;
				GCC_WARN_UNUSED_FUNCTION = YES;
				GCC_WARN_UNUSED_VARIABLE = YES;
				IPHONEOS_DEPLOYMENT_TARGET = 8.1;
				MTL_ENABLE_DEBUG_INFO = NO;
				SDKROOT = iphoneos;
				VALIDATE_PRODUCT = YES;
			};
			name = Release;
		};
		CA6F6D7B1AA7B6BE008B9225 /* Debug */ = {
			isa = XCBuildConfiguration;
			buildSettings = {
				ASSETCATALOG_COMPILER_APPICON_NAME = AppIcon;
				INFOPLIST_FILE = "P Perfect/Info.plist";
				LD_RUNPATH_SEARCH_PATHS = "$(inherited) @executable_path/Frameworks";
				PRODUCT_NAME = "$(TARGET_NAME)";
			};
			name = Debug;
		};
		CA6F6D7C1AA7B6BE008B9225 /* Release */ = {
			isa = XCBuildConfiguration;
			buildSettings = {
				ASSETCATALOG_COMPILER_APPICON_NAME = AppIcon;
				INFOPLIST_FILE = "P Perfect/Info.plist";
				LD_RUNPATH_SEARCH_PATHS = "$(inherited) @executable_path/Frameworks";
				PRODUCT_NAME = "$(TARGET_NAME)";
			};
			name = Release;
		};
		CA6F6D7E1AA7B6BE008B9225 /* Debug */ = {
			isa = XCBuildConfiguration;
			buildSettings = {
				BUNDLE_LOADER = "$(TEST_HOST)";
				FRAMEWORK_SEARCH_PATHS = (
					"$(SDKROOT)/Developer/Library/Frameworks",
					"$(inherited)",
				);
				GCC_PREPROCESSOR_DEFINITIONS = (
					"DEBUG=1",
					"$(inherited)",
				);
				INFOPLIST_FILE = "P PerfectTests/Info.plist";
				LD_RUNPATH_SEARCH_PATHS = "$(inherited) @executable_path/Frameworks @loader_path/Frameworks";
				PRODUCT_NAME = "$(TARGET_NAME)";
				TEST_HOST = "$(BUILT_PRODUCTS_DIR)/P Perfect.app/P Perfect";
			};
			name = Debug;
		};
		CA6F6D7F1AA7B6BE008B9225 /* Release */ = {
			isa = XCBuildConfiguration;
			buildSettings = {
				BUNDLE_LOADER = "$(TEST_HOST)";
				FRAMEWORK_SEARCH_PATHS = (
					"$(SDKROOT)/Developer/Library/Frameworks",
					"$(inherited)",
				);
				INFOPLIST_FILE = "P PerfectTests/Info.plist";
				LD_RUNPATH_SEARCH_PATHS = "$(inherited) @executable_path/Frameworks @loader_path/Frameworks";
				PRODUCT_NAME = "$(TARGET_NAME)";
				TEST_HOST = "$(BUILT_PRODUCTS_DIR)/P Perfect.app/P Perfect";
			};
			name = Release;
		};
/* End XCBuildConfiguration section */

/* Begin XCConfigurationList section */
		CA6F6D561AA7B6BE008B9225 /* Build configuration list for PBXProject "P Perfect" */ = {
			isa = XCConfigurationList;
			buildConfigurations = (
				CA6F6D781AA7B6BE008B9225 /* Debug */,
				CA6F6D791AA7B6BE008B9225 /* Release */,
			);
			defaultConfigurationIsVisible = 0;
			defaultConfigurationName = Release;
		};
		CA6F6D7A1AA7B6BE008B9225 /* Build configuration list for PBXNativeTarget "P Perfect" */ = {
			isa = XCConfigurationList;
			buildConfigurations = (
				CA6F6D7B1AA7B6BE008B9225 /* Debug */,
				CA6F6D7C1AA7B6BE008B9225 /* Release */,
			);
			defaultConfigurationIsVisible = 0;
			defaultConfigurationName = Release;
		};
		CA6F6D7D1AA7B6BE008B9225 /* Build configuration list for PBXNativeTarget "P PerfectTests" */ = {
			isa = XCConfigurationList;
			buildConfigurations = (
				CA6F6D7E1AA7B6BE008B9225 /* Debug */,
				CA6F6D7F1AA7B6BE008B9225 /* Release */,
			);
			defaultConfigurationIsVisible = 0;
			defaultConfigurationName = Release;
		};
/* End XCConfigurationList section */
	};
	rootObject = CA6F6D531AA7B6BE008B9225 /* Project object */;
}
